// !$*UTF8*$!
{
	archiveVersion = 1;
	classes = {
	};
	objectVersion = 46;
	objects = {

/* Begin PBXBuildFile section */
		1D60589B0D05DD56006BFB54 /* main.m in Sources */ = {isa = PBXBuildFile; fileRef = 29B97316FDCFA39411CA2CEA /* main.m */; };
		1D60589F0D05DD5A006BFB54 /* Foundation.framework in Frameworks */ = {isa = PBXBuildFile; fileRef = 1D30AB110D05D00D00671497 /* Foundation.framework */; };
		1DF5F4E00D08C38300B7A737 /* UIKit.framework in Frameworks */ = {isa = PBXBuildFile; fileRef = 1DF5F4DF0D08C38300B7A737 /* UIKit.framework */; };
		28860BE50F44EE6400985440 /* CoreData.framework in Frameworks */ = {isa = PBXBuildFile; fileRef = 28860BE40F44EE6400985440 /* CoreData.framework */; };
		2892E4100DC94CBA00A64D0F /* CoreGraphics.framework in Frameworks */ = {isa = PBXBuildFile; fileRef = 2892E40F0DC94CBA00A64D0F /* CoreGraphics.framework */; };
		28AD73600D9D9599002E5188 /* MainWindow.xib in Resources */ = {isa = PBXBuildFile; fileRef = 28AD735F0D9D9599002E5188 /* MainWindow.xib */; };
		28D3F202112F7DC200FD0661 /* The_Citizen.xcdatamodeld in Sources */ = {isa = PBXBuildFile; fileRef = 28D3F201112F7DC200FD0661 /* The_Citizen.xcdatamodeld */; };
		EF10F24914770C9500C4FE8A /* NSDate+Conveniences.m in Sources */ = {isa = PBXBuildFile; fileRef = EF10F24814770C9500C4FE8A /* NSDate+Conveniences.m */; };
		EF136ECE14541E1400A597EA /* DYServer.m in Sources */ = {isa = PBXBuildFile; fileRef = EF136ECD14541E1400A597EA /* DYServer.m */; };
		EF35FF7414795B3F00997473 /* The_CitizenAppDelegate.m in Sources */ = {isa = PBXBuildFile; fileRef = EF35FF7314795B3F00997473 /* The_CitizenAppDelegate.m */; };
		EF407223145D682F001035FA /* DYGroupedViewController.xib in Resources */ = {isa = PBXBuildFile; fileRef = EF407222145D682F001035FA /* DYGroupedViewController.xib */; };
		EF4216B314717C1400368693 /* DownloadDelegate.m in Sources */ = {isa = PBXBuildFile; fileRef = EF4216B214717C1400368693 /* DownloadDelegate.m */; };
		EF74120513803AFF00B0EA7B /* iTunesArtwork.jpg in Resources */ = {isa = PBXBuildFile; fileRef = EF74120413803AFF00B0EA7B /* iTunesArtwork.jpg */; };
		EF821F301326EB6C00F4BF85 /* ProgressCell.m in Sources */ = {isa = PBXBuildFile; fileRef = EF821F2E1326EB6C00F4BF85 /* ProgressCell.m */; };
		EF84B25D1326F39C00B1BFAC /* Icon.png in Resources */ = {isa = PBXBuildFile; fileRef = EF84B25C1326F39C00B1BFAC /* Icon.png */; };
		EFA790DE1326E4CA000177BA /* QuartzCore.framework in Frameworks */ = {isa = PBXBuildFile; fileRef = EFA790DD1326E4CA000177BA /* QuartzCore.framework */; };
		EFA790F21326E55A000177BA /* ContentViewController.m in Sources */ = {isa = PBXBuildFile; fileRef = EFA790ED1326E55A000177BA /* ContentViewController.m */; };
		EFA790F31326E55A000177BA /* HMTiledView.m in Sources */ = {isa = PBXBuildFile; fileRef = EFA790EF1326E55A000177BA /* HMTiledView.m */; };
		EFA790F41326E55A000177BA /* HMViewDelegate.m in Sources */ = {isa = PBXBuildFile; fileRef = EFA790F11326E55A000177BA /* HMViewDelegate.m */; };
		EFA790F61326E589000177BA /* ProgressCell.xib in Resources */ = {isa = PBXBuildFile; fileRef = EFA790F51326E589000177BA /* ProgressCell.xib */; };
		EFA791111326E64B000177BA /* Issue.m in Sources */ = {isa = PBXBuildFile; fileRef = EFA791101326E64B000177BA /* Issue.m */; };
		EFA791131326E669000177BA /* The_Citizen_old.xcdatamodel in Sources */ = {isa = PBXBuildFile; fileRef = EFA791121326E669000177BA /* The_Citizen_old.xcdatamodel */; };
		EFA944BF1472F1000022BE8B /* ContentViewController.xib in Resources */ = {isa = PBXBuildFile; fileRef = EFA944BE1472F1000022BE8B /* ContentViewController.xib */; };
		EFC65208146D996600DF417C /* DYGroupedViewController.m in Sources */ = {isa = PBXBuildFile; fileRef = EF24EA1414539BA0000A3E80 /* DYGroupedViewController.m */; };
		EFC7502D13787BEB00CBF71B /* YearViewController.m in Sources */ = {isa = PBXBuildFile; fileRef = EFC7502B13787BEB00CBF71B /* YearViewController.m */; };
		EFC7502E13787BEB00CBF71B /* YearViewController.xib in Resources */ = {isa = PBXBuildFile; fileRef = EFC7502C13787BEB00CBF71B /* YearViewController.xib */; };
		EFDC54CB14ABAE4A00F82AC1 /* README.markdown in Resources */ = {isa = PBXBuildFile; fileRef = EFDC54CA14ABAE4A00F82AC1 /* README.markdown */; };
		EFE4B5EE132C56EF00FC1485 /* crest_london_114.png in Resources */ = {isa = PBXBuildFile; fileRef = EFE4B5ED132C56EF00FC1485 /* crest_london_114.png */; };
		EFE4B5F0132C571C00FC1485 /* Default.png in Resources */ = {isa = PBXBuildFile; fileRef = EFE4B5EF132C571C00FC1485 /* Default.png */; };
		EFE4B5F2132C58D900FC1485 /* Default@2x.png in Resources */ = {isa = PBXBuildFile; fileRef = EFE4B5F1132C58D900FC1485 /* Default@2x.png */; };
/* End PBXBuildFile section */

/* Begin PBXFileReference section */
		1D30AB110D05D00D00671497 /* Foundation.framework */ = {isa = PBXFileReference; lastKnownFileType = wrapper.framework; name = Foundation.framework; path = System/Library/Frameworks/Foundation.framework; sourceTree = SDKROOT; };
		1D3623240D0F684500981E51 /* The_CitizenAppDelegate.h */ = {isa = PBXFileReference; fileEncoding = 4; lastKnownFileType = sourcecode.c.h; path = The_CitizenAppDelegate.h; sourceTree = "<group>"; };
		1D6058910D05DD3D006BFB54 /* The Citizen.app */ = {isa = PBXFileReference; explicitFileType = wrapper.application; includeInIndex = 0; path = "The Citizen.app"; sourceTree = BUILT_PRODUCTS_DIR; };
		1DF5F4DF0D08C38300B7A737 /* UIKit.framework */ = {isa = PBXFileReference; lastKnownFileType = wrapper.framework; name = UIKit.framework; path = System/Library/Frameworks/UIKit.framework; sourceTree = SDKROOT; };
		28860BE40F44EE6400985440 /* CoreData.framework */ = {isa = PBXFileReference; lastKnownFileType = wrapper.framework; name = CoreData.framework; path = System/Library/Frameworks/CoreData.framework; sourceTree = SDKROOT; };
		2892E40F0DC94CBA00A64D0F /* CoreGraphics.framework */ = {isa = PBXFileReference; lastKnownFileType = wrapper.framework; name = CoreGraphics.framework; path = System/Library/Frameworks/CoreGraphics.framework; sourceTree = SDKROOT; };
		28A0AAE50D9B0CCF005BE974 /* The_Citizen_Prefix.pch */ = {isa = PBXFileReference; fileEncoding = 4; lastKnownFileType = sourcecode.c.h; path = The_Citizen_Prefix.pch; sourceTree = "<group>"; };
		28AD735F0D9D9599002E5188 /* MainWindow.xib */ = {isa = PBXFileReference; lastKnownFileType = file.xib; path = MainWindow.xib; sourceTree = "<group>"; };
		29B97316FDCFA39411CA2CEA /* main.m */ = {isa = PBXFileReference; fileEncoding = 4; lastKnownFileType = sourcecode.c.objc; path = main.m; sourceTree = "<group>"; };
		8D1107310486CEB800E47090 /* The_Citizen-Info.plist */ = {isa = PBXFileReference; fileEncoding = 4; lastKnownFileType = text.plist.xml; path = "The_Citizen-Info.plist"; plistStructureDefinitionIdentifier = "com.apple.xcode.plist.structure-definition.iphone.info-plist"; sourceTree = "<group>"; };
		EF10F24714770C9500C4FE8A /* NSDate+Conveniences.h */ = {isa = PBXFileReference; fileEncoding = 4; lastKnownFileType = sourcecode.c.h; path = "NSDate+Conveniences.h"; sourceTree = "<group>"; };
		EF10F24814770C9500C4FE8A /* NSDate+Conveniences.m */ = {isa = PBXFileReference; fileEncoding = 4; lastKnownFileType = sourcecode.c.objc; path = "NSDate+Conveniences.m"; sourceTree = "<group>"; };
		EF136ECC14541E1400A597EA /* DYServer.h */ = {isa = PBXFileReference; fileEncoding = 4; lastKnownFileType = sourcecode.c.h; name = DYServer.h; path = ../DYServer.h; sourceTree = "<group>"; };
		EF136ECD14541E1400A597EA /* DYServer.m */ = {isa = PBXFileReference; fileEncoding = 4; lastKnownFileType = sourcecode.c.objc; name = DYServer.m; path = ../DYServer.m; sourceTree = "<group>"; };
		EF24EA1314539BA0000A3E80 /* DYGroupedViewController.h */ = {isa = PBXFileReference; fileEncoding = 4; lastKnownFileType = sourcecode.c.h; name = DYGroupedViewController.h; path = ../DYGroupedViewController.h; sourceTree = "<group>"; };
		EF24EA1414539BA0000A3E80 /* DYGroupedViewController.m */ = {isa = PBXFileReference; fileEncoding = 4; lastKnownFileType = sourcecode.c.objc; name = DYGroupedViewController.m; path = ../DYGroupedViewController.m; sourceTree = "<group>"; };
		EF2BB7661379E40E00BF5188 /* notes.txt */ = {isa = PBXFileReference; fileEncoding = 4; lastKnownFileType = text; path = notes.txt; sourceTree = "<group>"; };
		EF35FF7314795B3F00997473 /* The_CitizenAppDelegate.m */ = {isa = PBXFileReference; fileEncoding = 4; lastKnownFileType = sourcecode.c.objc; path = The_CitizenAppDelegate.m; sourceTree = "<group>"; };
		EF407222145D682F001035FA /* DYGroupedViewController.xib */ = {isa = PBXFileReference; fileEncoding = 4; lastKnownFileType = file.xib; path = DYGroupedViewController.xib; sourceTree = "<group>"; };
		EF4216B114717C1400368693 /* DownloadDelegate.h */ = {isa = PBXFileReference; fileEncoding = 4; lastKnownFileType = sourcecode.c.h; name = DownloadDelegate.h; path = ../DownloadDelegate.h; sourceTree = "<group>"; };
		EF4216B214717C1400368693 /* DownloadDelegate.m */ = {isa = PBXFileReference; fileEncoding = 4; lastKnownFileType = sourcecode.c.objc; name = DownloadDelegate.m; path = ../DownloadDelegate.m; sourceTree = "<group>"; };
		EF74120413803AFF00B0EA7B /* iTunesArtwork.jpg */ = {isa = PBXFileReference; lastKnownFileType = image.jpeg; path = iTunesArtwork.jpg; sourceTree = "<group>"; };
		EF821F2D1326EB6C00F4BF85 /* ProgressCell.h */ = {isa = PBXFileReference; fileEncoding = 4; lastKnownFileType = sourcecode.c.h; path = ProgressCell.h; sourceTree = "<group>"; };
		EF821F2E1326EB6C00F4BF85 /* ProgressCell.m */ = {isa = PBXFileReference; fileEncoding = 4; lastKnownFileType = sourcecode.c.objc; path = ProgressCell.m; sourceTree = "<group>"; };
		EF84B25C1326F39C00B1BFAC /* Icon.png */ = {isa = PBXFileReference; lastKnownFileType = image.png; path = Icon.png; sourceTree = "<group>"; };
		EF873E6B13773CC000217DF8 /* The_Citizen.xcdatamodel */ = {isa = PBXFileReference; lastKnownFileType = wrapper.xcdatamodel; path = The_Citizen.xcdatamodel; sourceTree = "<group>"; };
		EFA790DD1326E4CA000177BA /* QuartzCore.framework */ = {isa = PBXFileReference; lastKnownFileType = wrapper.framework; name = QuartzCore.framework; path = System/Library/Frameworks/QuartzCore.framework; sourceTree = SDKROOT; };
		EFA790EC1326E55A000177BA /* ContentViewController.h */ = {isa = PBXFileReference; fileEncoding = 4; lastKnownFileType = sourcecode.c.h; path = ContentViewController.h; sourceTree = "<group>"; };
		EFA790ED1326E55A000177BA /* ContentViewController.m */ = {isa = PBXFileReference; fileEncoding = 4; lastKnownFileType = sourcecode.c.objc; path = ContentViewController.m; sourceTree = "<group>"; };
		EFA790EE1326E55A000177BA /* HMTiledView.h */ = {isa = PBXFileReference; fileEncoding = 4; lastKnownFileType = sourcecode.c.h; path = HMTiledView.h; sourceTree = "<group>"; };
		EFA790EF1326E55A000177BA /* HMTiledView.m */ = {isa = PBXFileReference; fileEncoding = 4; lastKnownFileType = sourcecode.c.objc; path = HMTiledView.m; sourceTree = "<group>"; };
		EFA790F01326E55A000177BA /* HMViewDelegate.h */ = {isa = PBXFileReference; fileEncoding = 4; lastKnownFileType = sourcecode.c.h; path = HMViewDelegate.h; sourceTree = "<group>"; };
		EFA790F11326E55A000177BA /* HMViewDelegate.m */ = {isa = PBXFileReference; fileEncoding = 4; lastKnownFileType = sourcecode.c.objc; path = HMViewDelegate.m; sourceTree = "<group>"; };
		EFA790F51326E589000177BA /* ProgressCell.xib */ = {isa = PBXFileReference; lastKnownFileType = file.xib; path = ProgressCell.xib; sourceTree = "<group>"; };
		EFA7910F1326E64B000177BA /* Issue.h */ = {isa = PBXFileReference; fileEncoding = 4; lastKnownFileType = sourcecode.c.h; path = Issue.h; sourceTree = "<group>"; };
		EFA791101326E64B000177BA /* Issue.m */ = {isa = PBXFileReference; fileEncoding = 4; lastKnownFileType = sourcecode.c.objc; path = Issue.m; sourceTree = "<group>"; };
		EFA791121326E669000177BA /* The_Citizen_old.xcdatamodel */ = {isa = PBXFileReference; fileEncoding = 4; lastKnownFileType = wrapper.xcdatamodel; path = The_Citizen_old.xcdatamodel; sourceTree = "<group>"; };
		EFA944BE1472F1000022BE8B /* ContentViewController.xib */ = {isa = PBXFileReference; fileEncoding = 4; lastKnownFileType = file.xib; name = ContentViewController.xib; path = Classes/ContentViewController.xib; sourceTree = "<group>"; };
		EFC7502A13787BEB00CBF71B /* YearViewController.h */ = {isa = PBXFileReference; fileEncoding = 4; lastKnownFileType = sourcecode.c.h; path = YearViewController.h; sourceTree = "<group>"; };
		EFC7502B13787BEB00CBF71B /* YearViewController.m */ = {isa = PBXFileReference; fileEncoding = 4; lastKnownFileType = sourcecode.c.objc; path = YearViewController.m; sourceTree = "<group>"; };
		EFC7502C13787BEB00CBF71B /* YearViewController.xib */ = {isa = PBXFileReference; fileEncoding = 4; lastKnownFileType = file.xib; name = YearViewController.xib; path = Classes/YearViewController.xib; sourceTree = "<group>"; };
		EFDC54CA14ABAE4A00F82AC1 /* README.markdown */ = {isa = PBXFileReference; fileEncoding = 4; lastKnownFileType = text; path = README.markdown; sourceTree = "<group>"; };
		EFE4B5ED132C56EF00FC1485 /* crest_london_114.png */ = {isa = PBXFileReference; lastKnownFileType = image.png; path = crest_london_114.png; sourceTree = "<group>"; };
		EFE4B5EF132C571C00FC1485 /* Default.png */ = {isa = PBXFileReference; lastKnownFileType = image.png; path = Default.png; sourceTree = "<group>"; };
		EFE4B5F1132C58D900FC1485 /* Default@2x.png */ = {isa = PBXFileReference; lastKnownFileType = image.png; path = "Default@2x.png"; sourceTree = "<group>"; };
/* End PBXFileReference section */

/* Begin PBXFrameworksBuildPhase section */
		1D60588F0D05DD3D006BFB54 /* Frameworks */ = {
			isa = PBXFrameworksBuildPhase;
			buildActionMask = 2147483647;
			files = (
				1D60589F0D05DD5A006BFB54 /* Foundation.framework in Frameworks */,
				1DF5F4E00D08C38300B7A737 /* UIKit.framework in Frameworks */,
				2892E4100DC94CBA00A64D0F /* CoreGraphics.framework in Frameworks */,
				28860BE50F44EE6400985440 /* CoreData.framework in Frameworks */,
				EFA790DE1326E4CA000177BA /* QuartzCore.framework in Frameworks */,
			);
			runOnlyForDeploymentPostprocessing = 0;
		};
/* End PBXFrameworksBuildPhase section */

/* Begin PBXGroup section */
		080E96DDFE201D6D7F000001 /* Classes */ = {
			isa = PBXGroup;
			children = (
				EF821F2A1326EB6C00F4BF85 /* Subclasses */,
				EF4216B114717C1400368693 /* DownloadDelegate.h */,
				EF4216B214717C1400368693 /* DownloadDelegate.m */,
				EF24EA1314539BA0000A3E80 /* DYGroupedViewController.h */,
				EF24EA1414539BA0000A3E80 /* DYGroupedViewController.m */,
				EFC7502A13787BEB00CBF71B /* YearViewController.h */,
				EFC7502B13787BEB00CBF71B /* YearViewController.m */,
				EF136ECC14541E1400A597EA /* DYServer.h */,
				EF136ECD14541E1400A597EA /* DYServer.m */,
				EFA790EC1326E55A000177BA /* ContentViewController.h */,
				EFA790ED1326E55A000177BA /* ContentViewController.m */,
				EFA790EE1326E55A000177BA /* HMTiledView.h */,
				EFA790EF1326E55A000177BA /* HMTiledView.m */,
				EFA790F01326E55A000177BA /* HMViewDelegate.h */,
				EFA790F11326E55A000177BA /* HMViewDelegate.m */,
				1D3623240D0F684500981E51 /* The_CitizenAppDelegate.h */,
				EF35FF7314795B3F00997473 /* The_CitizenAppDelegate.m */,
			);
			path = Classes;
			sourceTree = "<group>";
		};
		19C28FACFE9D520D11CA2CBB /* Products */ = {
			isa = PBXGroup;
			children = (
				1D6058910D05DD3D006BFB54 /* The Citizen.app */,
			);
			name = Products;
			sourceTree = "<group>";
		};
		29B97314FDCFA39411CA2CEA /* CustomTemplate */ = {
			isa = PBXGroup;
			children = (
				EFDC54CA14ABAE4A00F82AC1 /* README.markdown */,
				080E96DDFE201D6D7F000001 /* Classes */,
				29B97317FDCFA39411CA2CEA /* Resources */,
				29B97315FDCFA39411CA2CEA /* Other Sources */,
				29B97323FDCFA39411CA2CEA /* Frameworks */,
				19C28FACFE9D520D11CA2CBB /* Products */,
			);
			name = CustomTemplate;
			sourceTree = "<group>";
		};
		29B97315FDCFA39411CA2CEA /* Other Sources */ = {
			isa = PBXGroup;
			children = (
				28A0AAE50D9B0CCF005BE974 /* The_Citizen_Prefix.pch */,
				29B97316FDCFA39411CA2CEA /* main.m */,
			);
			name = "Other Sources";
			sourceTree = "<group>";
		};
		29B97317FDCFA39411CA2CEA /* Resources */ = {
			isa = PBXGroup;
			children = (
				EF74120413803AFF00B0EA7B /* iTunesArtwork.jpg */,
				EFE4B5F1132C58D900FC1485 /* Default@2x.png */,
				EFE4B5EF132C571C00FC1485 /* Default.png */,
				EFE4B5ED132C56EF00FC1485 /* crest_london_114.png */,
				EF84B25C1326F39C00B1BFAC /* Icon.png */,
				28D3F201112F7DC200FD0661 /* The_Citizen.xcdatamodeld */,
				EFA944BE1472F1000022BE8B /* ContentViewController.xib */,
				EF407222145D682F001035FA /* DYGroupedViewController.xib */,
				EFC7502C13787BEB00CBF71B /* YearViewController.xib */,
				28AD735F0D9D9599002E5188 /* MainWindow.xib */,
				EFA790F51326E589000177BA /* ProgressCell.xib */,
				8D1107310486CEB800E47090 /* The_Citizen-Info.plist */,
				EF2BB7661379E40E00BF5188 /* notes.txt */,
			);
			name = Resources;
			sourceTree = "<group>";
		};
		29B97323FDCFA39411CA2CEA /* Frameworks */ = {
			isa = PBXGroup;
			children = (
				1DF5F4DF0D08C38300B7A737 /* UIKit.framework */,
				1D30AB110D05D00D00671497 /* Foundation.framework */,
				2892E40F0DC94CBA00A64D0F /* CoreGraphics.framework */,
				28860BE40F44EE6400985440 /* CoreData.framework */,
				EFA790DD1326E4CA000177BA /* QuartzCore.framework */,
			);
			name = Frameworks;
			sourceTree = "<group>";
		};
		EF821F2A1326EB6C00F4BF85 /* Subclasses */ = {
			isa = PBXGroup;
			children = (
				EF821F2D1326EB6C00F4BF85 /* ProgressCell.h */,
				EF821F2E1326EB6C00F4BF85 /* ProgressCell.m */,
				EF10F24714770C9500C4FE8A /* NSDate+Conveniences.h */,
				EF10F24814770C9500C4FE8A /* NSDate+Conveniences.m */,
			);
			name = Subclasses;
			sourceTree = "<group>";
		};
/* End PBXGroup section */

/* Begin PBXNativeTarget section */
		1D6058900D05DD3D006BFB54 /* The_Citizen */ = {
			isa = PBXNativeTarget;
			buildConfigurationList = 1D6058960D05DD3E006BFB54 /* Build configuration list for PBXNativeTarget "The_Citizen" */;
			buildPhases = (
				1D60588D0D05DD3D006BFB54 /* Resources */,
				1D60588E0D05DD3D006BFB54 /* Sources */,
				1D60588F0D05DD3D006BFB54 /* Frameworks */,
			);
			buildRules = (
			);
			dependencies = (
			);
			name = The_Citizen;
			productName = "The Citizen";
			productReference = 1D6058910D05DD3D006BFB54 /* The Citizen.app */;
			productType = "com.apple.product-type.application";
		};
/* End PBXNativeTarget section */

/* Begin PBXProject section */
		29B97313FDCFA39411CA2CEA /* Project object */ = {
			isa = PBXProject;
			attributes = {
				LastUpgradeCheck = 0420;
			};
			buildConfigurationList = C01FCF4E08A954540054247B /* Build configuration list for PBXProject "The Citizen" */;
			compatibilityVersion = "Xcode 3.2";
			developmentRegion = English;
			hasScannedForEncodings = 1;
			knownRegions = (
				English,
				Japanese,
				French,
				German,
				en,
			);
			mainGroup = 29B97314FDCFA39411CA2CEA /* CustomTemplate */;
			projectDirPath = "";
			projectRoot = "";
			targets = (
				1D6058900D05DD3D006BFB54 /* The_Citizen */,
			);
		};
/* End PBXProject section */

/* Begin PBXResourcesBuildPhase section */
		1D60588D0D05DD3D006BFB54 /* Resources */ = {
			isa = PBXResourcesBuildPhase;
			buildActionMask = 2147483647;
			files = (
				28AD73600D9D9599002E5188 /* MainWindow.xib in Resources */,
				EFA790F61326E589000177BA /* ProgressCell.xib in Resources */,
				EF84B25D1326F39C00B1BFAC /* Icon.png in Resources */,
				EFE4B5EE132C56EF00FC1485 /* crest_london_114.png in Resources */,
				EFE4B5F0132C571C00FC1485 /* Default.png in Resources */,
				EFE4B5F2132C58D900FC1485 /* Default@2x.png in Resources */,
				EFC7502E13787BEB00CBF71B /* YearViewController.xib in Resources */,
				EF74120513803AFF00B0EA7B /* iTunesArtwork.jpg in Resources */,
				EF407223145D682F001035FA /* DYGroupedViewController.xib in Resources */,
				EFA944BF1472F1000022BE8B /* ContentViewController.xib in Resources */,
				EFDC54CB14ABAE4A00F82AC1 /* README.markdown in Resources */,
			);
			runOnlyForDeploymentPostprocessing = 0;
		};
/* End PBXResourcesBuildPhase section */

/* Begin PBXSourcesBuildPhase section */
		1D60588E0D05DD3D006BFB54 /* Sources */ = {
			isa = PBXSourcesBuildPhase;
			buildActionMask = 2147483647;
			files = (
				EFC65208146D996600DF417C /* DYGroupedViewController.m in Sources */,
				1D60589B0D05DD56006BFB54 /* main.m in Sources */,
				28D3F202112F7DC200FD0661 /* The_Citizen.xcdatamodeld in Sources */,
				EFA790F21326E55A000177BA /* ContentViewController.m in Sources */,
				EFA790F31326E55A000177BA /* HMTiledView.m in Sources */,
				EFA790F41326E55A000177BA /* HMViewDelegate.m in Sources */,
				EFA791111326E64B000177BA /* Issue.m in Sources */,
				EFA791131326E669000177BA /* The_Citizen_old.xcdatamodel in Sources */,
				EF821F301326EB6C00F4BF85 /* ProgressCell.m in Sources */,
				EFC7502D13787BEB00CBF71B /* YearViewController.m in Sources */,
				EF136ECE14541E1400A597EA /* DYServer.m in Sources */,
				EF4216B314717C1400368693 /* DownloadDelegate.m in Sources */,
				EF10F24914770C9500C4FE8A /* NSDate+Conveniences.m in Sources */,
				EF35FF7414795B3F00997473 /* The_CitizenAppDelegate.m in Sources */,
			);
			runOnlyForDeploymentPostprocessing = 0;
		};
/* End PBXSourcesBuildPhase section */

/* Begin XCBuildConfiguration section */
		1D6058940D05DD3E006BFB54 /* Debug */ = {
			isa = XCBuildConfiguration;
			buildSettings = {
				ALWAYS_SEARCH_USER_PATHS = NO;
				CLANG_ENABLE_OBJC_ARC = YES;
				CLANG_WARN_OBJCPP_ARC_ABI = YES;
				CODE_SIGN_IDENTITY = "iPhone Distribution: Harry Maclean";
				"CODE_SIGN_IDENTITY[sdk=iphoneos*]" = "iPhone Distribution: Harry Maclean";
				COPY_PHASE_STRIP = NO;
				GCC_DYNAMIC_NO_PIC = NO;
				GCC_OPTIMIZATION_LEVEL = 0;
				GCC_PRECOMPILE_PREFIX_HEADER = YES;
				GCC_PREFIX_HEADER = The_Citizen_Prefix.pch;
				GCC_VERSION = "";
				INFOPLIST_FILE = "The_Citizen-Info.plist";
				IPHONEOS_DEPLOYMENT_TARGET = 4.3;
				PRODUCT_NAME = "The Citizen";
				PROVISIONING_PROFILE = "A8B51769-935A-4D20-AF1F-B7F88CE97C22";
				"PROVISIONING_PROFILE[sdk=iphoneos*]" = "A8B51769-935A-4D20-AF1F-B7F88CE97C22";
				RUN_CLANG_STATIC_ANALYZER = NO;
				SDKROOT = iphoneos;
			};
			name = Debug;
		};
		1D6058950D05DD3E006BFB54 /* Release */ = {
			isa = XCBuildConfiguration;
			buildSettings = {
				ALWAYS_SEARCH_USER_PATHS = NO;
				CLANG_ENABLE_OBJC_ARC = YES;
				CODE_SIGN_IDENTITY = "iPhone Distribution: Harry Maclean";
				"CODE_SIGN_IDENTITY[sdk=iphoneos*]" = "iPhone Distribution: Harry Maclean";
				COPY_PHASE_STRIP = YES;
				GCC_PRECOMPILE_PREFIX_HEADER = YES;
				GCC_PREFIX_HEADER = The_Citizen_Prefix.pch;
				GCC_VERSION = "";
				INFOPLIST_FILE = "The_Citizen-Info.plist";
				IPHONEOS_DEPLOYMENT_TARGET = 4.3;
				PRODUCT_NAME = "The Citizen";
				PROVISIONING_PROFILE = "A8B51769-935A-4D20-AF1F-B7F88CE97C22";
				"PROVISIONING_PROFILE[sdk=iphoneos*]" = "A8B51769-935A-4D20-AF1F-B7F88CE97C22";
				RUN_CLANG_STATIC_ANALYZER = NO;
				SDKROOT = iphoneos;
				VALIDATE_PRODUCT = YES;
			};
			name = Release;
		};
		C01FCF4F08A954540054247B /* Debug */ = {
			isa = XCBuildConfiguration;
			buildSettings = {
				ARCHS = "$(ARCHS_STANDARD_32_BIT)";
				CODE_SIGN_IDENTITY = "iPhone Distribution: Harry Maclean";
				"CODE_SIGN_IDENTITY[sdk=iphoneos*]" = "";
				GCC_C_LANGUAGE_STANDARD = c99;
				GCC_VERSION = com.apple.compilers.llvm.clang.1_0;
				GCC_WARN_ABOUT_RETURN_TYPE = YES;
				GCC_WARN_UNUSED_VARIABLE = YES;
				IPHONEOS_DEPLOYMENT_TARGET = 4.3;
				PROVISIONING_PROFILE = "A8B51769-935A-4D20-AF1F-B7F88CE97C22";
				SDKROOT = iphoneos;
			};
			name = Debug;
		};
		C01FCF5008A954540054247B /* Release */ = {
			isa = XCBuildConfiguration;
			buildSettings = {
				ARCHS = "$(ARCHS_STANDARD_32_BIT)";
				CODE_SIGN_IDENTITY = "iPhone Distribution: Harry Maclean";
				"CODE_SIGN_IDENTITY[sdk=iphoneos*]" = "iPhone Distribution: Harry Maclean";
				GCC_C_LANGUAGE_STANDARD = c99;
				GCC_VERSION = com.apple.compilers.llvm.clang.1_0;
				GCC_WARN_ABOUT_RETURN_TYPE = YES;
				GCC_WARN_UNUSED_VARIABLE = YES;
				IPHONEOS_DEPLOYMENT_TARGET = 4.3;
				OTHER_CFLAGS = "-DNS_BLOCK_ASSERTIONS=1";
				PROVISIONING_PROFILE = "A8B51769-935A-4D20-AF1F-B7F88CE97C22";
				"PROVISIONING_PROFILE[sdk=iphoneos*]" = "A8B51769-935A-4D20-AF1F-B7F88CE97C22";
				SDKROOT = iphoneos;
			};
			name = Release;
		};
/* End XCBuildConfiguration section */

/* Begin XCConfigurationList section */
		1D6058960D05DD3E006BFB54 /* Build configuration list for PBXNativeTarget "The_Citizen" */ = {
			isa = XCConfigurationList;
			buildConfigurations = (
				1D6058940D05DD3E006BFB54 /* Debug */,
				1D6058950D05DD3E006BFB54 /* Release */,
			);
			defaultConfigurationIsVisible = 0;
			defaultConfigurationName = Release;
		};
		C01FCF4E08A954540054247B /* Build configuration list for PBXProject "The Citizen" */ = {
			isa = XCConfigurationList;
			buildConfigurations = (
				C01FCF4F08A954540054247B /* Debug */,
				C01FCF5008A954540054247B /* Release */,
			);
			defaultConfigurationIsVisible = 0;
			defaultConfigurationName = Release;
		};
/* End XCConfigurationList section */

/* Begin XCVersionGroup section */
		28D3F201112F7DC200FD0661 /* The_Citizen.xcdatamodeld */ = {
			isa = XCVersionGroup;
			children = (
				EFA7910F1326E64B000177BA /* Issue.h */,
				EFA791101326E64B000177BA /* Issue.m */,
				EFA791121326E669000177BA /* The_Citizen_old.xcdatamodel */,
				EF873E6B13773CC000217DF8 /* The_Citizen.xcdatamodel */,
			);
			currentVersion = EF873E6B13773CC000217DF8 /* The_Citizen.xcdatamodel */;
			path = The_Citizen.xcdatamodeld;
			sourceTree = "<group>";
			versionGroupType = wrapper.xcdatamodel;
		};
/* End XCVersionGroup section */
	};
	rootObject = 29B97313FDCFA39411CA2CEA /* Project object */;
}
